
Microsoft Visual Studio Solution File, Format Version 12.00
# Visual Studio Version 17
VisualStudioVersion = 17.14.36127.28 d17.14
MinimumVisualStudioVersion = 10.0.40219.1
Project("{FAE04EC0-301F-11D3-BF4B-00C04F79EFBC}") = "WebApplication1", "WebApplication1\WebApplication1.csproj", "{92400822-0A8F-4840-8DD5-6C8870F51EBA}"
EndProject
Global
	GlobalSection(SolutionConfigurationPlatforms) = preSolution
		Debug|Any CPU = Debug|Any CPU
		Release|Any CPU = Release|Any CPU
	EndGlobalSection
	GlobalSection(ProjectConfigurationPlatforms) = postSolution
		{92400822-0A8F-4840-8DD5-6C8870F51EBA}.Debug|Any CPU.ActiveCfg = Debug|Any CPU
		{92400822-0A8F-4840-8DD5-6C8870F51EBA}.Debug|Any CPU.Build.0 = Debug|Any CPU
		{92400822-0A8F-4840-8DD5-6C8870F51EBA}.Release|Any CPU.ActiveCfg = Release|Any CPU
		{92400822-0A8F-4840-8DD5-6C8870F51EBA}.Release|Any CPU.Build.0 = Release|Any CPU
	EndGlobalSection
	GlobalSection(SolutionProperties) = preSolution
		HideSolutionNode = FALSE
	EndGlobalSection
	GlobalSection(ExtensibilityGlobals) = postSolution
		SolutionGuid = {31525FCD-A3AF-47A8-9531-4245BC3F3405}
	EndGlobalSection
EndGlobal
